
Microsoft Visual Studio Solution File, Format Version 12.00
# Visual Studio Version 17
VisualStudioVersion = 17.2.32519.379
MinimumVisualStudioVersion = 10.0.40219.1
Project("{FAE04EC0-301F-11D3-BF4B-00C04F79EFBC}") = "lab02", "lab02\lab02.csproj", "{2817E69C-94D4-45F0-96A8-DBFF788F8D68}"
EndProject
Global
	GlobalSection(SolutionConfigurationPlatforms) = preSolution
		Debug|Any CPU = Debug|Any CPU
		Release|Any CPU = Release|Any CPU
	EndGlobalSection
	GlobalSection(ProjectConfigurationPlatforms) = postSolution
		{2817E69C-94D4-45F0-96A8-DBFF788F8D68}.Debug|Any CPU.ActiveCfg = Debug|Any CPU
		{2817E69C-94D4-45F0-96A8-DBFF788F8D68}.Debug|Any CPU.Build.0 = Debug|Any CPU
		{2817E69C-94D4-45F0-96A8-DBFF788F8D68}.Release|Any CPU.ActiveCfg = Release|Any CPU
		{2817E69C-94D4-45F0-96A8-DBFF788F8D68}.Release|Any CPU.Build.0 = Release|Any CPU
	EndGlobalSection
	GlobalSection(SolutionProperties) = preSolution
		HideSolutionNode = FALSE
	EndGlobalSection
	GlobalSection(ExtensibilityGlobals) = postSolution
		SolutionGuid = {BE2684E7-3110-4F1B-B15C-153FB9322E5D}
	EndGlobalSection
EndGlobal
