
Microsoft Visual Studio Solution File, Format Version 12.00
# Visual Studio 15
VisualStudioVersion = 15.0.28307.1684
MinimumVisualStudioVersion = 10.0.40219.1
Project("{FAE04EC0-301F-11D3-BF4B-00C04F79EFBC}") = "BT_Mang", "BT_Mang\BT_Mang.csproj", "{2089F8C7-DF98-43D7-98D8-9BE9CD4B001A}"
EndProject
Global
	GlobalSection(SolutionConfigurationPlatforms) = preSolution
		Debug|Any CPU = Debug|Any CPU
		Release|Any CPU = Release|Any CPU
	EndGlobalSection
	GlobalSection(ProjectConfigurationPlatforms) = postSolution
		{2089F8C7-DF98-43D7-98D8-9BE9CD4B001A}.Debug|Any CPU.ActiveCfg = Debug|Any CPU
		{2089F8C7-DF98-43D7-98D8-9BE9CD4B001A}.Debug|Any CPU.Build.0 = Debug|Any CPU
		{2089F8C7-DF98-43D7-98D8-9BE9CD4B001A}.Release|Any CPU.ActiveCfg = Release|Any CPU
		{2089F8C7-DF98-43D7-98D8-9BE9CD4B001A}.Release|Any CPU.Build.0 = Release|Any CPU
	EndGlobalSection
	GlobalSection(SolutionProperties) = preSolution
		HideSolutionNode = FALSE
	EndGlobalSection
	GlobalSection(ExtensibilityGlobals) = postSolution
		SolutionGuid = {54127A4E-A9FA-4F98-8267-46A800612168}
	EndGlobalSection
EndGlobal
