
Microsoft Visual Studio Solution File, Format Version 12.00
# Visual Studio 15
VisualStudioVersion = 15.0.28307.1684
MinimumVisualStudioVersion = 10.0.40219.1
Project("{FAE04EC0-301F-11D3-BF4B-00C04F79EFBC}") = "PhuongTrinh", "BT_Diem_Danh_26_4\PhuongTrinh.csproj", "{17799DFE-34FC-48AE-8837-DE5E1898A639}"
EndProject
Project("{FAE04EC0-301F-11D3-BF4B-00C04F79EFBC}") = "Animal", "Animal\Animal.csproj", "{92FFA097-0AD8-4B6D-9E7C-83DE03DE4872}"
EndProject
Global
	GlobalSection(SolutionConfigurationPlatforms) = preSolution
		Debug|Any CPU = Debug|Any CPU
		Release|Any CPU = Release|Any CPU
	EndGlobalSection
	GlobalSection(ProjectConfigurationPlatforms) = postSolution
		{17799DFE-34FC-48AE-8837-DE5E1898A639}.Debug|Any CPU.ActiveCfg = Debug|Any CPU
		{17799DFE-34FC-48AE-8837-DE5E1898A639}.Debug|Any CPU.Build.0 = Debug|Any CPU
		{17799DFE-34FC-48AE-8837-DE5E1898A639}.Release|Any CPU.ActiveCfg = Release|Any CPU
		{17799DFE-34FC-48AE-8837-DE5E1898A639}.Release|Any CPU.Build.0 = Release|Any CPU
		{92FFA097-0AD8-4B6D-9E7C-83DE03DE4872}.Debug|Any CPU.ActiveCfg = Debug|Any CPU
		{92FFA097-0AD8-4B6D-9E7C-83DE03DE4872}.Debug|Any CPU.Build.0 = Debug|Any CPU
		{92FFA097-0AD8-4B6D-9E7C-83DE03DE4872}.Release|Any CPU.ActiveCfg = Release|Any CPU
		{92FFA097-0AD8-4B6D-9E7C-83DE03DE4872}.Release|Any CPU.Build.0 = Release|Any CPU
	EndGlobalSection
	GlobalSection(SolutionProperties) = preSolution
		HideSolutionNode = FALSE
	EndGlobalSection
	GlobalSection(ExtensibilityGlobals) = postSolution
		SolutionGuid = {D5EE3135-7556-4D71-9B9E-9FB3D28B794E}
	EndGlobalSection
EndGlobal
