
Microsoft Visual Studio Solution File, Format Version 12.00
# Visual Studio 15
VisualStudioVersion = 15.0.28307.1684
MinimumVisualStudioVersion = 10.0.40219.1
Project("{FAE04EC0-301F-11D3-BF4B-00C04F79EFBC}") = "BT_Struct", "BT_Struct\BT_Struct.csproj", "{83128D04-54CF-4BB6-B0AB-A92E2DE0A5FF}"
EndProject
Global
	GlobalSection(SolutionConfigurationPlatforms) = preSolution
		Debug|Any CPU = Debug|Any CPU
		Release|Any CPU = Release|Any CPU
	EndGlobalSection
	GlobalSection(ProjectConfigurationPlatforms) = postSolution
		{83128D04-54CF-4BB6-B0AB-A92E2DE0A5FF}.Debug|Any CPU.ActiveCfg = Debug|Any CPU
		{83128D04-54CF-4BB6-B0AB-A92E2DE0A5FF}.Debug|Any CPU.Build.0 = Debug|Any CPU
		{83128D04-54CF-4BB6-B0AB-A92E2DE0A5FF}.Release|Any CPU.ActiveCfg = Release|Any CPU
		{83128D04-54CF-4BB6-B0AB-A92E2DE0A5FF}.Release|Any CPU.Build.0 = Release|Any CPU
	EndGlobalSection
	GlobalSection(SolutionProperties) = preSolution
		HideSolutionNode = FALSE
	EndGlobalSection
	GlobalSection(ExtensibilityGlobals) = postSolution
		SolutionGuid = {0EDA6C10-9351-4A8E-93D2-83F1EB0C107A}
	EndGlobalSection
EndGlobal
