
Microsoft Visual Studio Solution File, Format Version 12.00
# Visual Studio 15
VisualStudioVersion = 15.0.28307.1684
MinimumVisualStudioVersion = 10.0.40219.1
Project("{FAE04EC0-301F-11D3-BF4B-00C04F79EFBC}") = "TinhDaHinh", "TinhDaHinh\TinhDaHinh.csproj", "{4F239991-BECB-4475-8869-557F553BD694}"
EndProject
Global
	GlobalSection(SolutionConfigurationPlatforms) = preSolution
		Debug|Any CPU = Debug|Any CPU
		Release|Any CPU = Release|Any CPU
	EndGlobalSection
	GlobalSection(ProjectConfigurationPlatforms) = postSolution
		{4F239991-BECB-4475-8869-557F553BD694}.Debug|Any CPU.ActiveCfg = Debug|Any CPU
		{4F239991-BECB-4475-8869-557F553BD694}.Debug|Any CPU.Build.0 = Debug|Any CPU
		{4F239991-BECB-4475-8869-557F553BD694}.Release|Any CPU.ActiveCfg = Release|Any CPU
		{4F239991-BECB-4475-8869-557F553BD694}.Release|Any CPU.Build.0 = Release|Any CPU
	EndGlobalSection
	GlobalSection(SolutionProperties) = preSolution
		HideSolutionNode = FALSE
	EndGlobalSection
	GlobalSection(ExtensibilityGlobals) = postSolution
		SolutionGuid = {2A8B1191-33C5-447D-8587-7293E9C82288}
	EndGlobalSection
EndGlobal
