
Microsoft Visual Studio Solution File, Format Version 12.00
# Visual Studio 15
VisualStudioVersion = 15.0.28307.1684
MinimumVisualStudioVersion = 10.0.40219.1
Project("{FAE04EC0-301F-11D3-BF4B-00C04F79EFBC}") = "CanBo", "BT_OOP\CanBo.csproj", "{7625DD8F-6FFC-49C2-8F1F-9EF25B517A7F}"
EndProject
Project("{FAE04EC0-301F-11D3-BF4B-00C04F79EFBC}") = "ThuVien", "ThuVien\ThuVien.csproj", "{01EBE94D-BD6F-4A5B-A7EC-39132B9FCDAE}"
EndProject
Global
	GlobalSection(SolutionConfigurationPlatforms) = preSolution
		Debug|Any CPU = Debug|Any CPU
		Release|Any CPU = Release|Any CPU
	EndGlobalSection
	GlobalSection(ProjectConfigurationPlatforms) = postSolution
		{7625DD8F-6FFC-49C2-8F1F-9EF25B517A7F}.Debug|Any CPU.ActiveCfg = Debug|Any CPU
		{7625DD8F-6FFC-49C2-8F1F-9EF25B517A7F}.Debug|Any CPU.Build.0 = Debug|Any CPU
		{7625DD8F-6FFC-49C2-8F1F-9EF25B517A7F}.Release|Any CPU.ActiveCfg = Release|Any CPU
		{7625DD8F-6FFC-49C2-8F1F-9EF25B517A7F}.Release|Any CPU.Build.0 = Release|Any CPU
		{01EBE94D-BD6F-4A5B-A7EC-39132B9FCDAE}.Debug|Any CPU.ActiveCfg = Debug|Any CPU
		{01EBE94D-BD6F-4A5B-A7EC-39132B9FCDAE}.Debug|Any CPU.Build.0 = Debug|Any CPU
		{01EBE94D-BD6F-4A5B-A7EC-39132B9FCDAE}.Release|Any CPU.ActiveCfg = Release|Any CPU
		{01EBE94D-BD6F-4A5B-A7EC-39132B9FCDAE}.Release|Any CPU.Build.0 = Release|Any CPU
	EndGlobalSection
	GlobalSection(SolutionProperties) = preSolution
		HideSolutionNode = FALSE
	EndGlobalSection
	GlobalSection(ExtensibilityGlobals) = postSolution
		SolutionGuid = {46644C1E-C8ED-40AC-B758-A25669454472}
	EndGlobalSection
EndGlobal
