
Microsoft Visual Studio Solution File, Format Version 12.00
# Visual Studio 15
VisualStudioVersion = 15.0.28307.1684
MinimumVisualStudioVersion = 10.0.40219.1
Project("{FAE04EC0-301F-11D3-BF4B-00C04F79EFBC}") = "Ebook250", "Ebook250\Ebook250.csproj", "{BE2018DF-B58D-40D5-AC10-EE8B1B6C8DBB}"
EndProject
Global
	GlobalSection(SolutionConfigurationPlatforms) = preSolution
		Debug|Any CPU = Debug|Any CPU
		Release|Any CPU = Release|Any CPU
	EndGlobalSection
	GlobalSection(ProjectConfigurationPlatforms) = postSolution
		{BE2018DF-B58D-40D5-AC10-EE8B1B6C8DBB}.Debug|Any CPU.ActiveCfg = Debug|Any CPU
		{BE2018DF-B58D-40D5-AC10-EE8B1B6C8DBB}.Debug|Any CPU.Build.0 = Debug|Any CPU
		{BE2018DF-B58D-40D5-AC10-EE8B1B6C8DBB}.Release|Any CPU.ActiveCfg = Release|Any CPU
		{BE2018DF-B58D-40D5-AC10-EE8B1B6C8DBB}.Release|Any CPU.Build.0 = Release|Any CPU
	EndGlobalSection
	GlobalSection(SolutionProperties) = preSolution
		HideSolutionNode = FALSE
	EndGlobalSection
	GlobalSection(ExtensibilityGlobals) = postSolution
		SolutionGuid = {62028803-AC87-4683-84F6-AD48B9E0EAA1}
	EndGlobalSection
EndGlobal
